
Microsoft Visual Studio Solution File, Format Version 12.00
# Visual Studio 15
VisualStudioVersion = 15.0.28307.168
MinimumVisualStudioVersion = 10.0.40219.1
Project("{FAE04EC0-301F-11D3-BF4B-00C04F79EFBC}") = "WpfFolderBrowser", "WpfFolderBrowser\WpfFolderBrowser.csproj", "{0E4625EB-0DB9-47CC-AF75-70643AEC203A}"
EndProject
Project("{FAE04EC0-301F-11D3-BF4B-00C04F79EFBC}") = "TestProj", "TestProj\TestProj.csproj", "{AAE63EF2-B58B-4106-984C-0B1662CE3623}"
	ProjectSection(ProjectDependencies) = postProject
		{0E4625EB-0DB9-47CC-AF75-70643AEC203A} = {0E4625EB-0DB9-47CC-AF75-70643AEC203A}
	EndProjectSection
EndProject
Global
	GlobalSection(SolutionConfigurationPlatforms) = preSolution
		Debug|Any CPU = Debug|Any CPU
		Release|Any CPU = Release|Any CPU
	EndGlobalSection
	GlobalSection(ProjectConfigurationPlatforms) = postSolution
		{0E4625EB-0DB9-47CC-AF75-70643AEC203A}.Debug|Any CPU.ActiveCfg = Debug|Any CPU
		{0E4625EB-0DB9-47CC-AF75-70643AEC203A}.Debug|Any CPU.Build.0 = Debug|Any CPU
		{0E4625EB-0DB9-47CC-AF75-70643AEC203A}.Release|Any CPU.ActiveCfg = Release|Any CPU
		{0E4625EB-0DB9-47CC-AF75-70643AEC203A}.Release|Any CPU.Build.0 = Release|Any CPU
		{AAE63EF2-B58B-4106-984C-0B1662CE3623}.Debug|Any CPU.ActiveCfg = Debug|Any CPU
		{AAE63EF2-B58B-4106-984C-0B1662CE3623}.Debug|Any CPU.Build.0 = Debug|Any CPU
		{AAE63EF2-B58B-4106-984C-0B1662CE3623}.Release|Any CPU.ActiveCfg = Release|Any CPU
		{AAE63EF2-B58B-4106-984C-0B1662CE3623}.Release|Any CPU.Build.0 = Release|Any CPU
	EndGlobalSection
	GlobalSection(SolutionProperties) = preSolution
		HideSolutionNode = FALSE
	EndGlobalSection
	GlobalSection(ExtensibilityGlobals) = postSolution
		SolutionGuid = {BB59EE71-5EEB-42E9-BC99-203866FCDF7E}
	EndGlobalSection
EndGlobal
